<?xml version="1.0" encoding="utf-8"?>
<Project ToolsVersion="4.0" xmlns="http://schemas.microsoft.com/developer/msbuild/2003">
  <ItemGroup>
    <Filter Include="Исходные файлы">
      <UniqueIdentifier>{4FC737F1-C7A5-4376-A066-2A32D752A2FF}</UniqueIdentifier>
      <Extensions>cpp;c;cc;cxx;c++;cppm;ixx;def;odl;idl;hpj;bat;asm;asmx</Extensions>
    </Filter>
    <Filter Include="Файлы заголовков">
      <UniqueIdentifier>{93995380-89BD-4b04-88EB-625FBE52EBFB}</UniqueIdentifier>
      <Extensions>h;hh;hpp;hxx;h++;hm;inl;inc;ipp;xsd</Extensions>
    </Filter>
    <Filter Include="Файлы ресурсов">
      <UniqueIdentifier>{67DA6AB6-F800-4c08-8B7A-83BB121AAD01}</UniqueIdentifier>
      <Extensions>rc;ico;cur;bmp;dlg;rc2;rct;bin;rgs;gif;jpg;jpeg;jpe;resx;tiff;tif;png;wav;mfcribbon-ms</Extensions>
    </Filter>
    <Filter Include="Исходные файлы\application">
      <UniqueIdentifier>{ecd48922-9959-4d37-b94e-b899251c6eb6}</UniqueIdentifier>
    </Filter>
    <Filter Include="Исходные файлы\gui">
      <UniqueIdentifier>{80971cb8-d820-444c-8370-4385c4f63766}</UniqueIdentifier>
    </Filter>
    <Filter Include="Исходные файлы\gui\imgui">
      <UniqueIdentifier>{1b10cc27-05c6-4c15-8f09-1e0e48cec0f1}</UniqueIdentifier>
    </Filter>
    <Filter Include="Исходные файлы\gui\imgui\backend">
      <UniqueIdentifier>{c559f6db-db26-4673-82d1-0c1891c6955b}</UniqueIdentifier>
    </Filter>
    <Filter Include="Исходные файлы\model">
      <UniqueIdentifier>{82845dd8-6ecb-4dea-84e1-381fdd5076de}</UniqueIdentifier>
    </Filter>
    <Filter Include="Исходные файлы\controller">
      <UniqueIdentifier>{f3b30690-a6bc-4ce9-993e-d3b2c7b5fd59}</UniqueIdentifier>
    </Filter>
    <Filter Include="Файлы заголовков\application">
      <UniqueIdentifier>{af745df3-de50-402a-b081-db3ecb681412}</UniqueIdentifier>
    </Filter>
    <Filter Include="Файлы заголовков\gui">
      <UniqueIdentifier>{c41e596b-d08f-4d63-8fd3-53316d22316b}</UniqueIdentifier>
    </Filter>
    <Filter Include="Файлы заголовков\gui\imgui">
      <UniqueIdentifier>{54b57287-dfea-434a-9cf4-2a6bc1be5683}</UniqueIdentifier>
    </Filter>
    <Filter Include="Файлы заголовков\gui\imgui\backend">
      <UniqueIdentifier>{4daad607-6eb5-4522-af25-8c39853e9586}</UniqueIdentifier>
    </Filter>
    <Filter Include="Файлы заголовков\model">
      <UniqueIdentifier>{f57529e8-b576-40b1-b81f-a84c44efbe8e}</UniqueIdentifier>
    </Filter>
    <Filter Include="Файлы заголовков\controller">
      <UniqueIdentifier>{60af0c9b-fbfb-4b3b-9e5f-7e2e82f209fc}</UniqueIdentifier>
    </Filter>
    <Filter Include="Файлы заголовков\observer">
      <UniqueIdentifier>{e77b2b2e-8e22-46a7-95a6-9ce9268dd35c}</UniqueIdentifier>
    </Filter>
    <Filter Include="Исходные файлы\observer">
      <UniqueIdentifier>{7d8e036d-e520-4ef7-ba75-858b0c133ede}</UniqueIdentifier>
    </Filter>
    <Filter Include="Файлы заголовков\gui\pages">
      <UniqueIdentifier>{8fa02059-a8a6-4a15-ae28-9e1a7d4ae869}</UniqueIdentifier>
    </Filter>
    <Filter Include="Исходные файлы\gui\pages">
      <UniqueIdentifier>{c2259b61-9d5e-4a49-9486-ebf4545f75cb}</UniqueIdentifier>
    </Filter>
    <Filter Include="Файлы заголовков\gui\wrapper">
      <UniqueIdentifier>{6e960d1c-3933-45c8-9bc0-1ccccc92799a}</UniqueIdentifier>
    </Filter>
    <Filter Include="Исходные файлы\gui\wrapper">
      <UniqueIdentifier>{5894b9a9-d40a-486c-8137-6c97b1fe48b1}</UniqueIdentifier>
    </Filter>
    <Filter Include="Файлы заголовков\interfaces">
      <UniqueIdentifier>{17162d1d-59c1-4089-a2b7-18565166bde8}</UniqueIdentifier>
    </Filter>
    <Filter Include="Файлы заголовков\interfaces\gui">
      <UniqueIdentifier>{d5d7e62b-c2bc-4ca1-b774-486229c33f18}</UniqueIdentifier>
    </Filter>
    <Filter Include="Файлы заголовков\interfaces\model">
      <UniqueIdentifier>{b4c99b86-80a9-4987-b3e7-a4c6895a6102}</UniqueIdentifier>
    </Filter>
    <Filter Include="Файлы заголовков\interfaces\controller">
      <UniqueIdentifier>{67b4ca28-f5ae-4ba7-94d2-aa7fbeac71b3}</UniqueIdentifier>
    </Filter>
    <Filter Include="Исходные файлы\localization">
      <UniqueIdentifier>{6be47a3a-27a8-4e41-b386-76e258fff257}</UniqueIdentifier>
    </Filter>
    <Filter Include="Файлы заголовков\localization">
      <UniqueIdentifier>{672f1bbf-f528-4a94-a268-dfb9b69b4a7a}</UniqueIdentifier>
    </Filter>
    <Filter Include="Файлы заголовков\interfaces\localization">
      <UniqueIdentifier>{62df063d-2597-4165-a413-ea3fd555a881}</UniqueIdentifier>
    </Filter>
  </ItemGroup>
  <ItemGroup>
    <ClCompile Include="main.cpp">
      <Filter>Исходные файлы</Filter>
    </ClCompile>
    <ClCompile Include="application\application.cpp">
      <Filter>Исходные файлы\application</Filter>
    </ClCompile>
    <ClCompile Include="gui\imgui\imgui.cpp">
      <Filter>Исходные файлы\gui\imgui</Filter>
    </ClCompile>
    <ClCompile Include="gui\imgui\imgui_draw.cpp">
      <Filter>Исходные файлы\gui\imgui</Filter>
    </ClCompile>
    <ClCompile Include="gui\imgui\imgui_stdlib.cpp">
      <Filter>Исходные файлы\gui\imgui</Filter>
    </ClCompile>
    <ClCompile Include="gui\imgui\imgui_tables.cpp">
      <Filter>Исходные файлы\gui\imgui</Filter>
    </ClCompile>
    <ClCompile Include="gui\imgui\imgui_widgets.cpp">
      <Filter>Исходные файлы\gui\imgui</Filter>
    </ClCompile>
    <ClCompile Include="gui\gui.cpp">
      <Filter>Исходные файлы\gui</Filter>
    </ClCompile>
    <ClCompile Include="gui\imgui\backend\imgui_impl_glfw.cpp">
      <Filter>Исходные файлы\gui\imgui\backend</Filter>
    </ClCompile>
    <ClCompile Include="gui\imgui\backend\imgui_impl_opengl3.cpp">
      <Filter>Исходные файлы\gui\imgui\backend</Filter>
    </ClCompile>
    <ClCompile Include="gui\imguimanager.cpp">
      <Filter>Исходные файлы\gui</Filter>
    </ClCompile>
    <ClCompile Include="controller\appcontroller.cpp">
      <Filter>Исходные файлы\controller</Filter>
    </ClCompile>
    <ClCompile Include="model\appmodel.cpp">
      <Filter>Исходные файлы\model</Filter>
    </ClCompile>
    <ClCompile Include="observer\observer.cpp">
      <Filter>Исходные файлы\observer</Filter>
    </ClCompile>
    <ClCompile Include="gui\pages\page_info.cpp">
      <Filter>Исходные файлы\gui\pages</Filter>
    </ClCompile>
    <ClCompile Include="gui\pages\page_settings.cpp">
      <Filter>Исходные файлы\gui\pages</Filter>
    </ClCompile>
    <ClCompile Include="gui\pages\page_tests.cpp">
      <Filter>Исходные файлы\gui\pages</Filter>
    </ClCompile>
    <ClCompile Include="gui\pages\page_users.cpp">
      <Filter>Исходные файлы\gui\pages</Filter>
    </ClCompile>
    <ClCompile Include="gui\pages\pagemanager.cpp">
      <Filter>Исходные файлы\gui\pages</Filter>
    </ClCompile>
    <ClCompile Include="gui\wrapper\guiwrapper.cpp">
      <Filter>Исходные файлы\gui\wrapper</Filter>
    </ClCompile>
    <ClCompile Include="localization\localization_manager.cpp">
      <Filter>Исходные файлы\localization</Filter>
    </ClCompile>
    <ClCompile Include="localization\localization_writer.cpp">
      <Filter>Исходные файлы\localization</Filter>
    </ClCompile>
    <ClCompile Include="localization\localization_reader.cpp">
      <Filter>Исходные файлы\localization</Filter>
    </ClCompile>
  </ItemGroup>
  <ItemGroup>
    <ClInclude Include="application\application.h">
      <Filter>Файлы заголовков\application</Filter>
    </ClInclude>
    <ClInclude Include="gui\imgui\imconfig.h">
      <Filter>Файлы заголовков\gui\imgui</Filter>
    </ClInclude>
    <ClInclude Include="gui\imgui\imgui.h">
      <Filter>Файлы заголовков\gui\imgui</Filter>
    </ClInclude>
    <ClInclude Include="gui\imgui\imgui_internal.h">
      <Filter>Файлы заголовков\gui\imgui</Filter>
    </ClInclude>
    <ClInclude Include="gui\imgui\imgui_stdlib.h">
      <Filter>Файлы заголовков\gui\imgui</Filter>
    </ClInclude>
    <ClInclude Include="gui\gui.h">
      <Filter>Файлы заголовков\gui</Filter>
    </ClInclude>
    <ClInclude Include="gui\imgui\backend\imgui_impl_glfw.h">
      <Filter>Файлы заголовков\gui\imgui\backend</Filter>
    </ClInclude>
    <ClInclude Include="gui\imgui\backend\imgui_impl_opengl3.h">
      <Filter>Файлы заголовков\gui\imgui\backend</Filter>
    </ClInclude>
    <ClInclude Include="gui\imguimanager.h">
      <Filter>Файлы заголовков\gui</Filter>
    </ClInclude>
    <ClInclude Include="gui\imgui\imstb_rectpack.h">
      <Filter>Файлы заголовков\gui\imgui</Filter>
    </ClInclude>
    <ClInclude Include="gui\imgui\imstb_textedit.h">
      <Filter>Файлы заголовков\gui\imgui</Filter>
    </ClInclude>
    <ClInclude Include="gui\imgui\backend\imgui_impl_opengl3_loader.h">
      <Filter>Файлы заголовков\gui\imgui\backend</Filter>
    </ClInclude>
    <ClInclude Include="defines.h">
      <Filter>Файлы заголовков</Filter>
    </ClInclude>
    <ClInclude Include="controller\appcontroller.h">
      <Filter>Файлы заголовков\controller</Filter>
    </ClInclude>
    <ClInclude Include="model\appmodel.h">
      <Filter>Файлы заголовков\model</Filter>
    </ClInclude>
    <ClInclude Include="observer\observer.h">
      <Filter>Файлы заголовков\observer</Filter>
    </ClInclude>
    <ClInclude Include="gui\pages.h">
      <Filter>Файлы заголовков\gui</Filter>
    </ClInclude>
    <ClInclude Include="gui\pages\page_info.h">
      <Filter>Файлы заголовков\gui\pages</Filter>
    </ClInclude>
    <ClInclude Include="gui\pages\page_settings.h">
      <Filter>Файлы заголовков\gui\pages</Filter>
    </ClInclude>
    <ClInclude Include="gui\pages\page_tests.h">
      <Filter>Файлы заголовков\gui\pages</Filter>
    </ClInclude>
    <ClInclude Include="gui\pages\page_users.h">
      <Filter>Файлы заголовков\gui\pages</Filter>
    </ClInclude>
    <ClInclude Include="gui\pages\pagemanager.h">
      <Filter>Файлы заголовков\gui\pages</Filter>
    </ClInclude>
    <ClInclude Include="gui\wrapper\guiwrapper.h">
      <Filter>Файлы заголовков\gui\wrapper</Filter>
    </ClInclude>
    <ClInclude Include="interfaces\iobserver.h">
      <Filter>Файлы заголовков\interfaces</Filter>
    </ClInclude>
    <ClInclude Include="interfaces\controller\iappcontroller.h">
      <Filter>Файлы заголовков\interfaces\controller</Filter>
    </ClInclude>
    <ClInclude Include="interfaces\model\iappmodel.h">
      <Filter>Файлы заголовков\interfaces\model</Filter>
    </ClInclude>
    <ClInclude Include="interfaces\gui\igui.h">
      <Filter>Файлы заголовков\interfaces\gui</Filter>
    </ClInclude>
    <ClInclude Include="interfaces\gui\iimguimanager.h">
      <Filter>Файлы заголовков\interfaces\gui</Filter>
    </ClInclude>
    <ClInclude Include="interfaces\gui\iguiwrapper.h">
      <Filter>Файлы заголовков\interfaces\gui</Filter>
    </ClInclude>
    <ClInclude Include="interfaces\gui\ipagemanager.h">
      <Filter>Файлы заголовков\interfaces\gui</Filter>
    </ClInclude>
    <ClInclude Include="interfaces\gui\ipageview.h">
      <Filter>Файлы заголовков\interfaces\gui</Filter>
    </ClInclude>
    <ClInclude Include="localization\localization_manager.h">
      <Filter>Файлы заголовков\localization</Filter>
    </ClInclude>
    <ClInclude Include="interfaces\localization\ilocalizationreader.h">
      <Filter>Файлы заголовков\interfaces\localization</Filter>
    </ClInclude>
    <ClInclude Include="interfaces\localization\ilocalizationwriter.h">
      <Filter>Файлы заголовков\interfaces\localization</Filter>
    </ClInclude>
    <ClInclude Include="localization\localization_writer.h">
      <Filter>Файлы заголовков\localization</Filter>
    </ClInclude>
    <ClInclude Include="localization\localization_reader.h">
      <Filter>Файлы заголовков\localization</Filter>
    </ClInclude>
    <ClInclude Include="interfaces\localization\ilocalizationmanager.h">
      <Filter>Файлы заголовков\interfaces\localization</Filter>
    </ClInclude>
    <ClInclude Include="gui\pages\pages.h">
      <Filter>Файлы заголовков\gui\pages</Filter>
    </ClInclude>
    <ClInclude Include="gui\custom_imgui_features.h">
      <Filter>Файлы заголовков\gui</Filter>
    </ClInclude>
  </ItemGroup>
</Project>